
Microsoft Visual Studio Solution File, Format Version 12.00
# Visual Studio 15
VisualStudioVersion = 15.0.26730.12
MinimumVisualStudioVersion = 10.0.40219.1
Project("{FAE04EC0-301F-11D3-BF4B-00C04F79EFBC}") = "電子行事曆", "WindowsFormsApp2\電子行事曆.csproj", "{2917F76E-4A70-4382-92B4-C963B629FD17}"
EndProject
Global
	GlobalSection(SolutionConfigurationPlatforms) = preSolution
		Debug|Any CPU = Debug|Any CPU
		Release|Any CPU = Release|Any CPU
	EndGlobalSection
	GlobalSection(ProjectConfigurationPlatforms) = postSolution
		{2917F76E-4A70-4382-92B4-C963B629FD17}.Debug|Any CPU.ActiveCfg = Debug|Any CPU
		{2917F76E-4A70-4382-92B4-C963B629FD17}.Debug|Any CPU.Build.0 = Debug|Any CPU
		{2917F76E-4A70-4382-92B4-C963B629FD17}.Release|Any CPU.ActiveCfg = Release|Any CPU
		{2917F76E-4A70-4382-92B4-C963B629FD17}.Release|Any CPU.Build.0 = Release|Any CPU
	EndGlobalSection
	GlobalSection(SolutionProperties) = preSolution
		HideSolutionNode = FALSE
	EndGlobalSection
	GlobalSection(ExtensibilityGlobals) = postSolution
		SolutionGuid = {C1E2CF1A-2E32-4472-8B07-C88524642521}
	EndGlobalSection
EndGlobal
